
Microsoft Visual Studio Solution File, Format Version 12.00
# Visual Studio 15
VisualStudioVersion = 15.0.28307.421
MinimumVisualStudioVersion = 10.0.40219.1
Project("{FAE04EC0-301F-11D3-BF4B-00C04F79EFBC}") = "SchoolsService", "SchoolsService\SchoolsService.csproj", "{8235FD4C-FE94-4A47-8A09-B90F18F35FC2}"
EndProject
Project("{FAE04EC0-301F-11D3-BF4B-00C04F79EFBC}") = "SchoolsService.Tests", "SchoolsService.Tests\SchoolsService.Tests.csproj", "{C611D402-4180-4C6B-ABF4-6B344A61B570}"
EndProject
Global
	GlobalSection(SolutionConfigurationPlatforms) = preSolution
		Debug|Any CPU = Debug|Any CPU
		Release|Any CPU = Release|Any CPU
	EndGlobalSection
	GlobalSection(ProjectConfigurationPlatforms) = postSolution
		{8235FD4C-FE94-4A47-8A09-B90F18F35FC2}.Debug|Any CPU.ActiveCfg = Debug|Any CPU
		{8235FD4C-FE94-4A47-8A09-B90F18F35FC2}.Debug|Any CPU.Build.0 = Debug|Any CPU
		{8235FD4C-FE94-4A47-8A09-B90F18F35FC2}.Release|Any CPU.ActiveCfg = Release|Any CPU
		{8235FD4C-FE94-4A47-8A09-B90F18F35FC2}.Release|Any CPU.Build.0 = Release|Any CPU
		{C611D402-4180-4C6B-ABF4-6B344A61B570}.Debug|Any CPU.ActiveCfg = Debug|Any CPU
		{C611D402-4180-4C6B-ABF4-6B344A61B570}.Debug|Any CPU.Build.0 = Debug|Any CPU
		{C611D402-4180-4C6B-ABF4-6B344A61B570}.Release|Any CPU.ActiveCfg = Release|Any CPU
		{C611D402-4180-4C6B-ABF4-6B344A61B570}.Release|Any CPU.Build.0 = Release|Any CPU
	EndGlobalSection
	GlobalSection(SolutionProperties) = preSolution
		HideSolutionNode = FALSE
	EndGlobalSection
	GlobalSection(ExtensibilityGlobals) = postSolution
		SolutionGuid = {9CBD27D2-A5E6-49B8-A7A0-0B024F604F00}
	EndGlobalSection
EndGlobal
